
Microsoft Visual Studio Solution File, Format Version 12.00
# Visual Studio 15
VisualStudioVersion = 15.0.28010.2003
MinimumVisualStudioVersion = 10.0.40219.1
Project("{FAE04EC0-301F-11D3-BF4B-00C04F79EFBC}") = "App.Web", "App.Web\App.Web.csproj", "{10CC0DD4-6E3D-452E-ACD5-0068BAB4A260}"
EndProject
Project("{FAE04EC0-301F-11D3-BF4B-00C04F79EFBC}") = "App.DataLayer", "App.DataLayer\App.DataLayer.csproj", "{9A8041F6-944E-4BAA-AA1A-8475B51DA8C9}"
EndProject
Project("{FAE04EC0-301F-11D3-BF4B-00C04F79EFBC}") = "App.LogicLayer", "App.LogicLayer\App.LogicLayer.csproj", "{6647DE0E-8FE9-4046-AB95-D3C71DDA9C81}"
EndProject
Project("{FAE04EC0-301F-11D3-BF4B-00C04F79EFBC}") = "App.LogicLayer.Tests", "App.LogicLayer.Tests\App.LogicLayer.Tests.csproj", "{9E2370C6-C129-4674-AF48-285BC226B8D0}"
EndProject
Global
	GlobalSection(SolutionConfigurationPlatforms) = preSolution
		Debug|Any CPU = Debug|Any CPU
		Release|Any CPU = Release|Any CPU
	EndGlobalSection
	GlobalSection(ProjectConfigurationPlatforms) = postSolution
		{10CC0DD4-6E3D-452E-ACD5-0068BAB4A260}.Debug|Any CPU.ActiveCfg = Debug|Any CPU
		{10CC0DD4-6E3D-452E-ACD5-0068BAB4A260}.Debug|Any CPU.Build.0 = Debug|Any CPU
		{10CC0DD4-6E3D-452E-ACD5-0068BAB4A260}.Release|Any CPU.ActiveCfg = Release|Any CPU
		{10CC0DD4-6E3D-452E-ACD5-0068BAB4A260}.Release|Any CPU.Build.0 = Release|Any CPU
		{9A8041F6-944E-4BAA-AA1A-8475B51DA8C9}.Debug|Any CPU.ActiveCfg = Debug|Any CPU
		{9A8041F6-944E-4BAA-AA1A-8475B51DA8C9}.Debug|Any CPU.Build.0 = Debug|Any CPU
		{9A8041F6-944E-4BAA-AA1A-8475B51DA8C9}.Release|Any CPU.ActiveCfg = Release|Any CPU
		{9A8041F6-944E-4BAA-AA1A-8475B51DA8C9}.Release|Any CPU.Build.0 = Release|Any CPU
		{6647DE0E-8FE9-4046-AB95-D3C71DDA9C81}.Debug|Any CPU.ActiveCfg = Debug|Any CPU
		{6647DE0E-8FE9-4046-AB95-D3C71DDA9C81}.Debug|Any CPU.Build.0 = Debug|Any CPU
		{6647DE0E-8FE9-4046-AB95-D3C71DDA9C81}.Release|Any CPU.ActiveCfg = Release|Any CPU
		{6647DE0E-8FE9-4046-AB95-D3C71DDA9C81}.Release|Any CPU.Build.0 = Release|Any CPU
		{9E2370C6-C129-4674-AF48-285BC226B8D0}.Debug|Any CPU.ActiveCfg = Debug|Any CPU
		{9E2370C6-C129-4674-AF48-285BC226B8D0}.Debug|Any CPU.Build.0 = Debug|Any CPU
		{9E2370C6-C129-4674-AF48-285BC226B8D0}.Release|Any CPU.ActiveCfg = Release|Any CPU
		{9E2370C6-C129-4674-AF48-285BC226B8D0}.Release|Any CPU.Build.0 = Release|Any CPU
	EndGlobalSection
	GlobalSection(SolutionProperties) = preSolution
		HideSolutionNode = FALSE
	EndGlobalSection
	GlobalSection(ExtensibilityGlobals) = postSolution
		SolutionGuid = {607DB185-A389-49A5-9826-52D6C8646E87}
	EndGlobalSection
EndGlobal
